
Microsoft Visual Studio Solution File, Format Version 12.00
# Visual Studio 15
VisualStudioVersion = 15.0.26730.16
MinimumVisualStudioVersion = 10.0.40219.1
Project("{FAE04EC0-301F-11D3-BF4B-00C04F79EFBC}") = "SmartCity", "SmartCity\SmartCity.csproj", "{0A6F0B4A-3618-4CD8-9657-3CBA4029F7C9}"
EndProject
Global
	GlobalSection(SolutionConfigurationPlatforms) = preSolution
		Debug|Any CPU = Debug|Any CPU
		Release|Any CPU = Release|Any CPU
	EndGlobalSection
	GlobalSection(ProjectConfigurationPlatforms) = postSolution
		{0A6F0B4A-3618-4CD8-9657-3CBA4029F7C9}.Debug|Any CPU.ActiveCfg = Debug|Any CPU
		{0A6F0B4A-3618-4CD8-9657-3CBA4029F7C9}.Debug|Any CPU.Build.0 = Debug|Any CPU
		{0A6F0B4A-3618-4CD8-9657-3CBA4029F7C9}.Release|Any CPU.ActiveCfg = Release|Any CPU
		{0A6F0B4A-3618-4CD8-9657-3CBA4029F7C9}.Release|Any CPU.Build.0 = Release|Any CPU
	EndGlobalSection
	GlobalSection(SolutionProperties) = preSolution
		HideSolutionNode = FALSE
	EndGlobalSection
	GlobalSection(ExtensibilityGlobals) = postSolution
		SolutionGuid = {2C41497F-161A-40F2-B0FA-2E442EB47FB6}
	EndGlobalSection
EndGlobal
